
Microsoft Visual Studio Solution File, Format Version 12.00
# Visual Studio Version 17
VisualStudioVersion = 17.1.32414.318
MinimumVisualStudioVersion = 10.0.40219.1
Project("{FAE04EC0-301F-11D3-BF4B-00C04F79EFBC}") = "TaskListGrpcServer", "TaskListGrpcServer\TaskListGrpcServer.csproj", "{13893767-E806-4BDE-8BAF-7F8827105812}"
EndProject
Global
	GlobalSection(SolutionConfigurationPlatforms) = preSolution
		Debug|Any CPU = Debug|Any CPU
		Release|Any CPU = Release|Any CPU
	EndGlobalSection
	GlobalSection(ProjectConfigurationPlatforms) = postSolution
		{13893767-E806-4BDE-8BAF-7F8827105812}.Debug|Any CPU.ActiveCfg = Debug|Any CPU
		{13893767-E806-4BDE-8BAF-7F8827105812}.Debug|Any CPU.Build.0 = Debug|Any CPU
		{13893767-E806-4BDE-8BAF-7F8827105812}.Release|Any CPU.ActiveCfg = Release|Any CPU
		{13893767-E806-4BDE-8BAF-7F8827105812}.Release|Any CPU.Build.0 = Release|Any CPU
	EndGlobalSection
	GlobalSection(SolutionProperties) = preSolution
		HideSolutionNode = FALSE
	EndGlobalSection
	GlobalSection(ExtensibilityGlobals) = postSolution
		SolutionGuid = {6335FA8F-ABC2-4153-8A10-2F32A81B0BA8}
	EndGlobalSection
EndGlobal
